
Microsoft Visual Studio Solution File, Format Version 12.00
# Visual Studio Version 17
VisualStudioVersion = 17.12.35514.174 d17.12
MinimumVisualStudioVersion = 10.0.40219.1
Project("{2150E333-8FDC-42A3-9474-1A3956D46DE8}") = "01-WebAppMVC", "01-WebAppMVC", "{DAD9A51D-7359-4364-B804-ED850E3FAB64}"
EndProject
Project("{FAE04EC0-301F-11D3-BF4B-00C04F79EFBC}") = "NorthwindMVC", "NorthwindMVC\NorthwindMVC.csproj", "{98133680-D2E3-4B62-B0A9-356A7CFFD318}"
EndProject
Global
	GlobalSection(SolutionConfigurationPlatforms) = preSolution
		Debug|Any CPU = Debug|Any CPU
		Release|Any CPU = Release|Any CPU
	EndGlobalSection
	GlobalSection(ProjectConfigurationPlatforms) = postSolution
		{98133680-D2E3-4B62-B0A9-356A7CFFD318}.Debug|Any CPU.ActiveCfg = Debug|Any CPU
		{98133680-D2E3-4B62-B0A9-356A7CFFD318}.Debug|Any CPU.Build.0 = Debug|Any CPU
		{98133680-D2E3-4B62-B0A9-356A7CFFD318}.Release|Any CPU.ActiveCfg = Release|Any CPU
		{98133680-D2E3-4B62-B0A9-356A7CFFD318}.Release|Any CPU.Build.0 = Release|Any CPU
	EndGlobalSection
	GlobalSection(SolutionProperties) = preSolution
		HideSolutionNode = FALSE
	EndGlobalSection
	GlobalSection(NestedProjects) = preSolution
		{98133680-D2E3-4B62-B0A9-356A7CFFD318} = {DAD9A51D-7359-4364-B804-ED850E3FAB64}
	EndGlobalSection
EndGlobal
